
Microsoft Visual Studio Solution File, Format Version 12.00
# Visual Studio 2012
Project("{FAE04EC0-301F-11D3-BF4B-00C04F79EFBC}") = "Elimina CarpetaDeseada", "Elimina CarpetaDeseada\Elimina CarpetaDeseada.csproj", "{CD52FD87-819A-4722-814C-2E02A41B030F}"
EndProject
Global
	GlobalSection(SolutionConfigurationPlatforms) = preSolution
		Debug|Any CPU = Debug|Any CPU
		Release|Any CPU = Release|Any CPU
	EndGlobalSection
	GlobalSection(ProjectConfigurationPlatforms) = postSolution
		{CD52FD87-819A-4722-814C-2E02A41B030F}.Debug|Any CPU.ActiveCfg = Debug|Any CPU
		{CD52FD87-819A-4722-814C-2E02A41B030F}.Debug|Any CPU.Build.0 = Debug|Any CPU
		{CD52FD87-819A-4722-814C-2E02A41B030F}.Release|Any CPU.ActiveCfg = Release|Any CPU
		{CD52FD87-819A-4722-814C-2E02A41B030F}.Release|Any CPU.Build.0 = Release|Any CPU
	EndGlobalSection
	GlobalSection(SolutionProperties) = preSolution
		HideSolutionNode = FALSE
	EndGlobalSection
EndGlobal
